
Microsoft Visual Studio Solution File, Format Version 12.00
# Visual Studio 2013
VisualStudioVersion = 12.0.30501.0
MinimumVisualStudioVersion = 10.0.40219.1
Project("{2150E333-8FDC-42A3-9474-1A3956D46DE8}") = "MrFlakey", "MrFlakey", "{B8EB171C-1F4D-4104-A751-348C0000F3EB}"
	ProjectSection(SolutionItems) = preProject
		MrFlakey.cs = MrFlakey.cs
		MrFlakey.vb = MrFlakey.vb
	EndProjectSection
EndProject
Project("{F184B08F-C81C-45F6-A57F-5ABD9991F28F}") = "Windows_VB", "Windows_VB\Windows_VB.vbproj", "{4978F5EF-6F80-41AE-BBC5-C27D01BB5F91}"
EndProject
Project("{F184B08F-C81C-45F6-A57F-5ABD9991F28F}") = "Phone_VB", "Phone_VB\Phone_VB.vbproj", "{1CA7408E-6EF4-4C4C-A2E5-1DCCCD8612ED}"
EndProject
Project("{FAE04EC0-301F-11D3-BF4B-00C04F79EFBC}") = "Windows_CSharp", "Windows_CSharp\Windows_CSharp.csproj", "{06D0E8E2-0CDE-4DE9-A5CD-F47A840ACC70}"
EndProject
Project("{FAE04EC0-301F-11D3-BF4B-00C04F79EFBC}") = "Phone_CSharp", "Phone_CSharp\Phone_CSharp.csproj", "{5F747BD4-882F-4985-9C25-C44C1F41A1D3}"
EndProject
Global
	GlobalSection(SolutionConfigurationPlatforms) = preSolution
		Debug|Any CPU = Debug|Any CPU
		Debug|ARM = Debug|ARM
		Debug|x64 = Debug|x64
		Debug|x86 = Debug|x86
		Release|Any CPU = Release|Any CPU
		Release|ARM = Release|ARM
		Release|x64 = Release|x64
		Release|x86 = Release|x86
	EndGlobalSection
	GlobalSection(ProjectConfigurationPlatforms) = postSolution
		{4978F5EF-6F80-41AE-BBC5-C27D01BB5F91}.Debug|Any CPU.ActiveCfg = Debug|Any CPU
		{4978F5EF-6F80-41AE-BBC5-C27D01BB5F91}.Debug|Any CPU.Build.0 = Debug|Any CPU
		{4978F5EF-6F80-41AE-BBC5-C27D01BB5F91}.Debug|Any CPU.Deploy.0 = Debug|Any CPU
		{4978F5EF-6F80-41AE-BBC5-C27D01BB5F91}.Debug|ARM.ActiveCfg = Debug|ARM
		{4978F5EF-6F80-41AE-BBC5-C27D01BB5F91}.Debug|ARM.Build.0 = Debug|ARM
		{4978F5EF-6F80-41AE-BBC5-C27D01BB5F91}.Debug|ARM.Deploy.0 = Debug|ARM
		{4978F5EF-6F80-41AE-BBC5-C27D01BB5F91}.Debug|x64.ActiveCfg = Debug|x64
		{4978F5EF-6F80-41AE-BBC5-C27D01BB5F91}.Debug|x64.Build.0 = Debug|x64
		{4978F5EF-6F80-41AE-BBC5-C27D01BB5F91}.Debug|x64.Deploy.0 = Debug|x64
		{4978F5EF-6F80-41AE-BBC5-C27D01BB5F91}.Debug|x86.ActiveCfg = Debug|x86
		{4978F5EF-6F80-41AE-BBC5-C27D01BB5F91}.Debug|x86.Build.0 = Debug|x86
		{4978F5EF-6F80-41AE-BBC5-C27D01BB5F91}.Debug|x86.Deploy.0 = Debug|x86
		{4978F5EF-6F80-41AE-BBC5-C27D01BB5F91}.Release|Any CPU.ActiveCfg = Release|Any CPU
		{4978F5EF-6F80-41AE-BBC5-C27D01BB5F91}.Release|Any CPU.Build.0 = Release|Any CPU
		{4978F5EF-6F80-41AE-BBC5-C27D01BB5F91}.Release|Any CPU.Deploy.0 = Release|Any CPU
		{4978F5EF-6F80-41AE-BBC5-C27D01BB5F91}.Release|ARM.ActiveCfg = Release|ARM
		{4978F5EF-6F80-41AE-BBC5-C27D01BB5F91}.Release|ARM.Build.0 = Release|ARM
		{4978F5EF-6F80-41AE-BBC5-C27D01BB5F91}.Release|ARM.Deploy.0 = Release|ARM
		{4978F5EF-6F80-41AE-BBC5-C27D01BB5F91}.Release|x64.ActiveCfg = Release|x64
		{4978F5EF-6F80-41AE-BBC5-C27D01BB5F91}.Release|x64.Build.0 = Release|x64
		{4978F5EF-6F80-41AE-BBC5-C27D01BB5F91}.Release|x64.Deploy.0 = Release|x64
		{4978F5EF-6F80-41AE-BBC5-C27D01BB5F91}.Release|x86.ActiveCfg = Release|x86
		{4978F5EF-6F80-41AE-BBC5-C27D01BB5F91}.Release|x86.Build.0 = Release|x86
		{4978F5EF-6F80-41AE-BBC5-C27D01BB5F91}.Release|x86.Deploy.0 = Release|x86
		{1CA7408E-6EF4-4C4C-A2E5-1DCCCD8612ED}.Debug|Any CPU.ActiveCfg = Debug|Any CPU
		{1CA7408E-6EF4-4C4C-A2E5-1DCCCD8612ED}.Debug|Any CPU.Build.0 = Debug|Any CPU
		{1CA7408E-6EF4-4C4C-A2E5-1DCCCD8612ED}.Debug|Any CPU.Deploy.0 = Debug|Any CPU
		{1CA7408E-6EF4-4C4C-A2E5-1DCCCD8612ED}.Debug|ARM.ActiveCfg = Debug|ARM
		{1CA7408E-6EF4-4C4C-A2E5-1DCCCD8612ED}.Debug|ARM.Build.0 = Debug|ARM
		{1CA7408E-6EF4-4C4C-A2E5-1DCCCD8612ED}.Debug|ARM.Deploy.0 = Debug|ARM
		{1CA7408E-6EF4-4C4C-A2E5-1DCCCD8612ED}.Debug|x64.ActiveCfg = Debug|Any CPU
		{1CA7408E-6EF4-4C4C-A2E5-1DCCCD8612ED}.Debug|x86.ActiveCfg = Debug|x86
		{1CA7408E-6EF4-4C4C-A2E5-1DCCCD8612ED}.Debug|x86.Build.0 = Debug|x86
		{1CA7408E-6EF4-4C4C-A2E5-1DCCCD8612ED}.Debug|x86.Deploy.0 = Debug|x86
		{1CA7408E-6EF4-4C4C-A2E5-1DCCCD8612ED}.Release|Any CPU.ActiveCfg = Release|Any CPU
		{1CA7408E-6EF4-4C4C-A2E5-1DCCCD8612ED}.Release|Any CPU.Build.0 = Release|Any CPU
		{1CA7408E-6EF4-4C4C-A2E5-1DCCCD8612ED}.Release|Any CPU.Deploy.0 = Release|Any CPU
		{1CA7408E-6EF4-4C4C-A2E5-1DCCCD8612ED}.Release|ARM.ActiveCfg = Release|ARM
		{1CA7408E-6EF4-4C4C-A2E5-1DCCCD8612ED}.Release|ARM.Build.0 = Release|ARM
		{1CA7408E-6EF4-4C4C-A2E5-1DCCCD8612ED}.Release|ARM.Deploy.0 = Release|ARM
		{1CA7408E-6EF4-4C4C-A2E5-1DCCCD8612ED}.Release|x64.ActiveCfg = Release|Any CPU
		{1CA7408E-6EF4-4C4C-A2E5-1DCCCD8612ED}.Release|x86.ActiveCfg = Release|x86
		{1CA7408E-6EF4-4C4C-A2E5-1DCCCD8612ED}.Release|x86.Build.0 = Release|x86
		{1CA7408E-6EF4-4C4C-A2E5-1DCCCD8612ED}.Release|x86.Deploy.0 = Release|x86
		{06D0E8E2-0CDE-4DE9-A5CD-F47A840ACC70}.Debug|Any CPU.ActiveCfg = Debug|Any CPU
		{06D0E8E2-0CDE-4DE9-A5CD-F47A840ACC70}.Debug|Any CPU.Build.0 = Debug|Any CPU
		{06D0E8E2-0CDE-4DE9-A5CD-F47A840ACC70}.Debug|Any CPU.Deploy.0 = Debug|Any CPU
		{06D0E8E2-0CDE-4DE9-A5CD-F47A840ACC70}.Debug|ARM.ActiveCfg = Debug|ARM
		{06D0E8E2-0CDE-4DE9-A5CD-F47A840ACC70}.Debug|ARM.Build.0 = Debug|ARM
		{06D0E8E2-0CDE-4DE9-A5CD-F47A840ACC70}.Debug|ARM.Deploy.0 = Debug|ARM
		{06D0E8E2-0CDE-4DE9-A5CD-F47A840ACC70}.Debug|x64.ActiveCfg = Debug|x64
		{06D0E8E2-0CDE-4DE9-A5CD-F47A840ACC70}.Debug|x64.Build.0 = Debug|x64
		{06D0E8E2-0CDE-4DE9-A5CD-F47A840ACC70}.Debug|x64.Deploy.0 = Debug|x64
		{06D0E8E2-0CDE-4DE9-A5CD-F47A840ACC70}.Debug|x86.ActiveCfg = Debug|x86
		{06D0E8E2-0CDE-4DE9-A5CD-F47A840ACC70}.Debug|x86.Build.0 = Debug|x86
		{06D0E8E2-0CDE-4DE9-A5CD-F47A840ACC70}.Debug|x86.Deploy.0 = Debug|x86
		{06D0E8E2-0CDE-4DE9-A5CD-F47A840ACC70}.Release|Any CPU.ActiveCfg = Release|Any CPU
		{06D0E8E2-0CDE-4DE9-A5CD-F47A840ACC70}.Release|Any CPU.Build.0 = Release|Any CPU
		{06D0E8E2-0CDE-4DE9-A5CD-F47A840ACC70}.Release|Any CPU.Deploy.0 = Release|Any CPU
		{06D0E8E2-0CDE-4DE9-A5CD-F47A840ACC70}.Release|ARM.ActiveCfg = Release|ARM
		{06D0E8E2-0CDE-4DE9-A5CD-F47A840ACC70}.Release|ARM.Build.0 = Release|ARM
		{06D0E8E2-0CDE-4DE9-A5CD-F47A840ACC70}.Release|ARM.Deploy.0 = Release|ARM
		{06D0E8E2-0CDE-4DE9-A5CD-F47A840ACC70}.Release|x64.ActiveCfg = Release|x64
		{06D0E8E2-0CDE-4DE9-A5CD-F47A840ACC70}.Release|x64.Build.0 = Release|x64
		{06D0E8E2-0CDE-4DE9-A5CD-F47A840ACC70}.Release|x64.Deploy.0 = Release|x64
		{06D0E8E2-0CDE-4DE9-A5CD-F47A840ACC70}.Release|x86.ActiveCfg = Release|x86
		{06D0E8E2-0CDE-4DE9-A5CD-F47A840ACC70}.Release|x86.Build.0 = Release|x86
		{06D0E8E2-0CDE-4DE9-A5CD-F47A840ACC70}.Release|x86.Deploy.0 = Release|x86
		{5F747BD4-882F-4985-9C25-C44C1F41A1D3}.Debug|Any CPU.ActiveCfg = Debug|Any CPU
		{5F747BD4-882F-4985-9C25-C44C1F41A1D3}.Debug|Any CPU.Build.0 = Debug|Any CPU
		{5F747BD4-882F-4985-9C25-C44C1F41A1D3}.Debug|Any CPU.Deploy.0 = Debug|Any CPU
		{5F747BD4-882F-4985-9C25-C44C1F41A1D3}.Debug|ARM.ActiveCfg = Debug|ARM
		{5F747BD4-882F-4985-9C25-C44C1F41A1D3}.Debug|ARM.Build.0 = Debug|ARM
		{5F747BD4-882F-4985-9C25-C44C1F41A1D3}.Debug|ARM.Deploy.0 = Debug|ARM
		{5F747BD4-882F-4985-9C25-C44C1F41A1D3}.Debug|x64.ActiveCfg = Debug|Any CPU
		{5F747BD4-882F-4985-9C25-C44C1F41A1D3}.Debug|x86.ActiveCfg = Debug|x86
		{5F747BD4-882F-4985-9C25-C44C1F41A1D3}.Debug|x86.Build.0 = Debug|x86
		{5F747BD4-882F-4985-9C25-C44C1F41A1D3}.Debug|x86.Deploy.0 = Debug|x86
		{5F747BD4-882F-4985-9C25-C44C1F41A1D3}.Release|Any CPU.ActiveCfg = Release|Any CPU
		{5F747BD4-882F-4985-9C25-C44C1F41A1D3}.Release|Any CPU.Build.0 = Release|Any CPU
		{5F747BD4-882F-4985-9C25-C44C1F41A1D3}.Release|Any CPU.Deploy.0 = Release|Any CPU
		{5F747BD4-882F-4985-9C25-C44C1F41A1D3}.Release|ARM.ActiveCfg = Release|ARM
		{5F747BD4-882F-4985-9C25-C44C1F41A1D3}.Release|ARM.Build.0 = Release|ARM
		{5F747BD4-882F-4985-9C25-C44C1F41A1D3}.Release|ARM.Deploy.0 = Release|ARM
		{5F747BD4-882F-4985-9C25-C44C1F41A1D3}.Release|x64.ActiveCfg = Release|Any CPU
		{5F747BD4-882F-4985-9C25-C44C1F41A1D3}.Release|x86.ActiveCfg = Release|x86
		{5F747BD4-882F-4985-9C25-C44C1F41A1D3}.Release|x86.Build.0 = Release|x86
		{5F747BD4-882F-4985-9C25-C44C1F41A1D3}.Release|x86.Deploy.0 = Release|x86
	EndGlobalSection
	GlobalSection(SolutionProperties) = preSolution
		HideSolutionNode = FALSE
	EndGlobalSection
EndGlobal
